
Microsoft Visual Studio Solution File, Format Version 12.00
# Visual Studio Version 17
VisualStudioVersion = 17.7.34031.279
MinimumVisualStudioVersion = 10.0.40219.1
Project("{FAE04EC0-301F-11D3-BF4B-00C04F79EFBC}") = "DynamicTimeTableGenerator", "DynamicTimeTableGenerator\DynamicTimeTableGenerator.csproj", "{B54D2D01-7515-4926-8B65-A5E811D0C892}"
EndProject
Global
	GlobalSection(SolutionConfigurationPlatforms) = preSolution
		Debug|Any CPU = Debug|Any CPU
		Release|Any CPU = Release|Any CPU
	EndGlobalSection
	GlobalSection(ProjectConfigurationPlatforms) = postSolution
		{B54D2D01-7515-4926-8B65-A5E811D0C892}.Debug|Any CPU.ActiveCfg = Debug|Any CPU
		{B54D2D01-7515-4926-8B65-A5E811D0C892}.Debug|Any CPU.Build.0 = Debug|Any CPU
		{B54D2D01-7515-4926-8B65-A5E811D0C892}.Release|Any CPU.ActiveCfg = Release|Any CPU
		{B54D2D01-7515-4926-8B65-A5E811D0C892}.Release|Any CPU.Build.0 = Release|Any CPU
	EndGlobalSection
	GlobalSection(SolutionProperties) = preSolution
		HideSolutionNode = FALSE
	EndGlobalSection
	GlobalSection(ExtensibilityGlobals) = postSolution
		SolutionGuid = {0B7228BF-ED2F-45BA-B7E2-D8624B803C8A}
	EndGlobalSection
EndGlobal
